
Microsoft Visual Studio Solution File, Format Version 12.00
Project("{FAE04EC0-301F-11D3-BF4B-00C04F79EFBC}") = "FirstWepApp", "FirstWepApp\FirstWepApp.csproj", "{F4989A5A-DE4C-444C-A3A3-CF11EDFFFA00}"
EndProject
Global
	GlobalSection(SolutionConfigurationPlatforms) = preSolution
		Debug|Any CPU = Debug|Any CPU
		Release|Any CPU = Release|Any CPU
	EndGlobalSection
	GlobalSection(ProjectConfigurationPlatforms) = postSolution
		{F4989A5A-DE4C-444C-A3A3-CF11EDFFFA00}.Debug|Any CPU.ActiveCfg = Debug|Any CPU
		{F4989A5A-DE4C-444C-A3A3-CF11EDFFFA00}.Debug|Any CPU.Build.0 = Debug|Any CPU
		{F4989A5A-DE4C-444C-A3A3-CF11EDFFFA00}.Release|Any CPU.ActiveCfg = Release|Any CPU
		{F4989A5A-DE4C-444C-A3A3-CF11EDFFFA00}.Release|Any CPU.Build.0 = Release|Any CPU
	EndGlobalSection
EndGlobal
